
Microsoft Visual Studio Solution File, Format Version 12.00
# Visual Studio Version 17
VisualStudioVersion = 17.5.001.0
MinimumVisualStudioVersion = 10.0.40219.1
Project("{9A19103F-16F7-4668-BE54-9A1E7A4F7556}") = "Exercise 19", "Exercise 19.csproj", "{8E2CB0E9-78C3-426F-9A75-D39565EFD123}"
EndProject
Global
	GlobalSection(SolutionConfigurationPlatforms) = preSolution
		Debug|Any CPU = Debug|Any CPU
		Release|Any CPU = Release|Any CPU
	EndGlobalSection
	GlobalSection(ProjectConfigurationPlatforms) = postSolution
		{8E2CB0E9-78C3-426F-9A75-D39565EFD123}.Debug|Any CPU.ActiveCfg = Debug|Any CPU
		{8E2CB0E9-78C3-426F-9A75-D39565EFD123}.Debug|Any CPU.Build.0 = Debug|Any CPU
		{8E2CB0E9-78C3-426F-9A75-D39565EFD123}.Release|Any CPU.ActiveCfg = Release|Any CPU
		{8E2CB0E9-78C3-426F-9A75-D39565EFD123}.Release|Any CPU.Build.0 = Release|Any CPU
	EndGlobalSection
	GlobalSection(SolutionProperties) = preSolution
		HideSolutionNode = FALSE
	EndGlobalSection
	GlobalSection(ExtensibilityGlobals) = postSolution
		SolutionGuid = {0C9E8BCB-0DA4-4C71-ADE1-5177B4EC36FC}
	EndGlobalSection
EndGlobal
